// !$*UTF8*$!
{
	archiveVersion = 1;
	classes = {
	};
	objectVersion = 51;
	objects = {

/* Begin PBXBuildFile section */
		1D6FDF00233C283500B2992E /* CategoryViewController.swift in Sources */ = {isa = PBXBuildFile; fileRef = 1D6FDEFF233C283500B2992E /* CategoryViewController.swift */; };
		1DBABFB9232F670000BB2F02 /* AppDelegate.swift in Sources */ = {isa = PBXBuildFile; fileRef = 1DBABFB8232F670000BB2F02 /* AppDelegate.swift */; };
		1DBABFBB232F670000BB2F02 /* TodoListViewController.swift in Sources */ = {isa = PBXBuildFile; fileRef = 1DBABFBA232F670000BB2F02 /* TodoListViewController.swift */; };
		1DBABFBE232F670000BB2F02 /* Main.storyboard in Resources */ = {isa = PBXBuildFile; fileRef = 1DBABFBC232F670000BB2F02 /* Main.storyboard */; };
		1DBABFC0232F670500BB2F02 /* Assets.xcassets in Resources */ = {isa = PBXBuildFile; fileRef = 1DBABFBF232F670500BB2F02 /* Assets.xcassets */; };
		1DBABFC3232F670500BB2F02 /* LaunchScreen.storyboard in Resources */ = {isa = PBXBuildFile; fileRef = 1DBABFC1232F670500BB2F02 /* LaunchScreen.storyboard */; };
		1DBABFCE232F670500BB2F02 /* Todo_ItTests.swift in Sources */ = {isa = PBXBuildFile; fileRef = 1DBABFCD232F670500BB2F02 /* Todo_ItTests.swift */; };
		1DBABFD9232F670500BB2F02 /* Todo_ItUITests.swift in Sources */ = {isa = PBXBuildFile; fileRef = 1DBABFD8232F670500BB2F02 /* Todo_ItUITests.swift */; };
		1DBCE9AE233ABB5D0013B854 /* DataModel.xcdatamodeld in Sources */ = {isa = PBXBuildFile; fileRef = 1DBCE9AC233ABB5D0013B854 /* DataModel.xcdatamodeld */; };
		327E1EDAAB7C24B837AA966A /* Pods_Todo_It.framework in Frameworks */ = {isa = PBXBuildFile; fileRef = 230213B0467BD0B4FD42E6FF /* Pods_Todo_It.framework */; };
/* End PBXBuildFile section */

/* Begin PBXContainerItemProxy section */
		1DBABFCA232F670500BB2F02 /* PBXContainerItemProxy */ = {
			isa = PBXContainerItemProxy;
			containerPortal = 1DBABFAD232F670000BB2F02 /* Project object */;
			proxyType = 1;
			remoteGlobalIDString = 1DBABFB4232F670000BB2F02;
			remoteInfo = "Todo It";
		};
		1DBABFD5232F670500BB2F02 /* PBXContainerItemProxy */ = {
			isa = PBXContainerItemProxy;
			containerPortal = 1DBABFAD232F670000BB2F02 /* Project object */;
			proxyType = 1;
			remoteGlobalIDString = 1DBABFB4232F670000BB2F02;
			remoteInfo = "Todo It";
		};
/* End PBXContainerItemProxy section */

/* Begin PBXFileReference section */
		1D6FDEFF233C283500B2992E /* CategoryViewController.swift */ = {isa = PBXFileReference; lastKnownFileType = sourcecode.swift; path = CategoryViewController.swift; sourceTree = "<group>"; };
		1DBABFB5232F670000BB2F02 /* Todo It.app */ = {isa = PBXFileReference; explicitFileType = wrapper.application; includeInIndex = 0; path = "Todo It.app"; sourceTree = BUILT_PRODUCTS_DIR; };
		1DBABFB8232F670000BB2F02 /* AppDelegate.swift */ = {isa = PBXFileReference; lastKnownFileType = sourcecode.swift; path = AppDelegate.swift; sourceTree = "<group>"; };
		1DBABFBA232F670000BB2F02 /* TodoListViewController.swift */ = {isa = PBXFileReference; lastKnownFileType = sourcecode.swift; path = TodoListViewController.swift; sourceTree = "<group>"; };
		1DBABFBD232F670000BB2F02 /* Base */ = {isa = PBXFileReference; lastKnownFileType = file.storyboard; name = Base; path = Base.lproj/Main.storyboard; sourceTree = "<group>"; };
		1DBABFBF232F670500BB2F02 /* Assets.xcassets */ = {isa = PBXFileReference; lastKnownFileType = folder.assetcatalog; path = Assets.xcassets; sourceTree = "<group>"; };
		1DBABFC2232F670500BB2F02 /* Base */ = {isa = PBXFileReference; lastKnownFileType = file.storyboard; name = Base; path = Base.lproj/LaunchScreen.storyboard; sourceTree = "<group>"; };
		1DBABFC4232F670500BB2F02 /* Info.plist */ = {isa = PBXFileReference; lastKnownFileType = text.plist.xml; path = Info.plist; sourceTree = "<group>"; };
		1DBABFC9232F670500BB2F02 /* Todo ItTests.xctest */ = {isa = PBXFileReference; explicitFileType = wrapper.cfbundle; includeInIndex = 0; path = "Todo ItTests.xctest"; sourceTree = BUILT_PRODUCTS_DIR; };
		1DBABFCD232F670500BB2F02 /* Todo_ItTests.swift */ = {isa = PBXFileReference; lastKnownFileType = sourcecode.swift; path = Todo_ItTests.swift; sourceTree = "<group>"; };
		1DBABFCF232F670500BB2F02 /* Info.plist */ = {isa = PBXFileReference; lastKnownFileType = text.plist.xml; path = Info.plist; sourceTree = "<group>"; };
		1DBABFD4232F670500BB2F02 /* Todo ItUITests.xctest */ = {isa = PBXFileReference; explicitFileType = wrapper.cfbundle; includeInIndex = 0; path = "Todo ItUITests.xctest"; sourceTree = BUILT_PRODUCTS_DIR; };
		1DBABFD8232F670500BB2F02 /* Todo_ItUITests.swift */ = {isa = PBXFileReference; lastKnownFileType = sourcecode.swift; path = Todo_ItUITests.swift; sourceTree = "<group>"; };
		1DBABFDA232F670500BB2F02 /* Info.plist */ = {isa = PBXFileReference; lastKnownFileType = text.plist.xml; path = Info.plist; sourceTree = "<group>"; };
		1DBCE9AD233ABB5D0013B854 /* DataModel.xcdatamodel */ = {isa = PBXFileReference; lastKnownFileType = wrapper.xcdatamodel; path = DataModel.xcdatamodel; sourceTree = "<group>"; };
		230213B0467BD0B4FD42E6FF /* Pods_Todo_It.framework */ = {isa = PBXFileReference; explicitFileType = wrapper.framework; includeInIndex = 0; path = Pods_Todo_It.framework; sourceTree = BUILT_PRODUCTS_DIR; };
		2C9CE392A672BBA9A5CD9B99 /* Pods-Todo It.debug.xcconfig */ = {isa = PBXFileReference; includeInIndex = 1; lastKnownFileType = text.xcconfig; name = "Pods-Todo It.debug.xcconfig"; path = "Target Support Files/Pods-Todo It/Pods-Todo It.debug.xcconfig"; sourceTree = "<group>"; };
		C8C7E6AD7BBB6AC7872CD656 /* Pods-Todo It.release.xcconfig */ = {isa = PBXFileReference; includeInIndex = 1; lastKnownFileType = text.xcconfig; name = "Pods-Todo It.release.xcconfig"; path = "Target Support Files/Pods-Todo It/Pods-Todo It.release.xcconfig"; sourceTree = "<group>"; };
/* End PBXFileReference section */

/* Begin PBXFrameworksBuildPhase section */
		1DBABFB2232F670000BB2F02 /* Frameworks */ = {
			isa = PBXFrameworksBuildPhase;
			buildActionMask = 2147483647;
			files = (
				327E1EDAAB7C24B837AA966A /* Pods_Todo_It.framework in Frameworks */,
			);
			runOnlyForDeploymentPostprocessing = 0;
		};
		1DBABFC6232F670500BB2F02 /* Frameworks */ = {
			isa = PBXFrameworksBuildPhase;
			buildActionMask = 2147483647;
			files = (
			);
			runOnlyForDeploymentPostprocessing = 0;
		};
		1DBABFD1232F670500BB2F02 /* Frameworks */ = {
			isa = PBXFrameworksBuildPhase;
			buildActionMask = 2147483647;
			files = (
			);
			runOnlyForDeploymentPostprocessing = 0;
		};
/* End PBXFrameworksBuildPhase section */

/* Begin PBXGroup section */
		0A13E63C01ABEF6F0E4E84D0 /* Frameworks */ = {
			isa = PBXGroup;
			children = (
				230213B0467BD0B4FD42E6FF /* Pods_Todo_It.framework */,
			);
			name = Frameworks;
			sourceTree = "<group>";
		};
		1D7582AA2336CC9E00BFDAA8 /* Controller */ = {
			isa = PBXGroup;
			children = (
				1D6FDEFF233C283500B2992E /* CategoryViewController.swift */,
				1DBABFBA232F670000BB2F02 /* TodoListViewController.swift */,
			);
			path = Controller;
			sourceTree = "<group>";
		};
		1D7582AB2336CCB700BFDAA8 /* Views */ = {
			isa = PBXGroup;
			children = (
				1DBABFBC232F670000BB2F02 /* Main.storyboard */,
			);
			path = Views;
			sourceTree = "<group>";
		};
		1D7582AC2336CCC000BFDAA8 /* Supporting Files */ = {
			isa = PBXGroup;
			children = (
				1DBABFBF232F670500BB2F02 /* Assets.xcassets */,
				1DBABFC1232F670500BB2F02 /* LaunchScreen.storyboard */,
			);
			path = "Supporting Files";
			sourceTree = "<group>";
		};
		1D7582AF2336CCEC00BFDAA8 /* Model */ = {
			isa = PBXGroup;
			children = (
				1DBCE9AC233ABB5D0013B854 /* DataModel.xcdatamodeld */,
			);
			path = Model;
			sourceTree = "<group>";
		};
		1DBABFAC232F670000BB2F02 = {
			isa = PBXGroup;
			children = (
				1DBABFB7232F670000BB2F02 /* Todo It */,
				1DBABFCC232F670500BB2F02 /* Todo ItTests */,
				1DBABFD7232F670500BB2F02 /* Todo ItUITests */,
				1DBABFB6232F670000BB2F02 /* Products */,
				4EB63FA2C8F55FDECDFD93C8 /* Pods */,
				0A13E63C01ABEF6F0E4E84D0 /* Frameworks */,
			);
			sourceTree = "<group>";
		};
		1DBABFB6232F670000BB2F02 /* Products */ = {
			isa = PBXGroup;
			children = (
				1DBABFB5232F670000BB2F02 /* Todo It.app */,
				1DBABFC9232F670500BB2F02 /* Todo ItTests.xctest */,
				1DBABFD4232F670500BB2F02 /* Todo ItUITests.xctest */,
			);
			name = Products;
			sourceTree = "<group>";
		};
		1DBABFB7232F670000BB2F02 /* Todo It */ = {
			isa = PBXGroup;
			children = (
				1DBABFB8232F670000BB2F02 /* AppDelegate.swift */,
				1D7582AF2336CCEC00BFDAA8 /* Model */,
				1D7582AB2336CCB700BFDAA8 /* Views */,
				1D7582AA2336CC9E00BFDAA8 /* Controller */,
				1D7582AC2336CCC000BFDAA8 /* Supporting Files */,
				1DBABFC4232F670500BB2F02 /* Info.plist */,
			);
			path = "Todo It";
			sourceTree = "<group>";
		};
		1DBABFCC232F670500BB2F02 /* Todo ItTests */ = {
			isa = PBXGroup;
			children = (
				1DBABFCD232F670500BB2F02 /* Todo_ItTests.swift */,
				1DBABFCF232F670500BB2F02 /* Info.plist */,
			);
			path = "Todo ItTests";
			sourceTree = "<group>";
		};
		1DBABFD7232F670500BB2F02 /* Todo ItUITests */ = {
			isa = PBXGroup;
			children = (
				1DBABFD8232F670500BB2F02 /* Todo_ItUITests.swift */,
				1DBABFDA232F670500BB2F02 /* Info.plist */,
			);
			path = "Todo ItUITests";
			sourceTree = "<group>";
		};
		4EB63FA2C8F55FDECDFD93C8 /* Pods */ = {
			isa = PBXGroup;
			children = (
				2C9CE392A672BBA9A5CD9B99 /* Pods-Todo It.debug.xcconfig */,
				C8C7E6AD7BBB6AC7872CD656 /* Pods-Todo It.release.xcconfig */,
			);
			name = Pods;
			path = Pods;
			sourceTree = "<group>";
		};
/* End PBXGroup section */

/* Begin PBXNativeTarget section */
		1DBABFB4232F670000BB2F02 /* Todo It */ = {
			isa = PBXNativeTarget;
			buildConfigurationList = 1DBABFDD232F670500BB2F02 /* Build configuration list for PBXNativeTarget "Todo It" */;
			buildPhases = (
				9848CC7D5E373D80A608D914 /* [CP] Check Pods Manifest.lock */,
				1DBABFB1232F670000BB2F02 /* Sources */,
				1DBABFB2232F670000BB2F02 /* Frameworks */,
				1DBABFB3232F670000BB2F02 /* Resources */,
				9D1873A663E3AC8D83216556 /* [CP] Embed Pods Frameworks */,
			);
			buildRules = (
			);
			dependencies = (
			);
			name = "Todo It";
			productName = "Todo It";
			productReference = 1DBABFB5232F670000BB2F02 /* Todo It.app */;
			productType = "com.apple.product-type.application";
		};
		1DBABFC8232F670500BB2F02 /* Todo ItTests */ = {
			isa = PBXNativeTarget;
			buildConfigurationList = 1DBABFE0232F670500BB2F02 /* Build configuration list for PBXNativeTarget "Todo ItTests" */;
			buildPhases = (
				1DBABFC5232F670500BB2F02 /* Sources */,
				1DBABFC6232F670500BB2F02 /* Frameworks */,
				1DBABFC7232F670500BB2F02 /* Resources */,
			);
			buildRules = (
			);
			dependencies = (
				1DBABFCB232F670500BB2F02 /* PBXTargetDependency */,
			);
			name = "Todo ItTests";
			productName = "Todo ItTests";
			productReference = 1DBABFC9232F670500BB2F02 /* Todo ItTests.xctest */;
			productType = "com.apple.product-type.bundle.unit-test";
		};
		1DBABFD3232F670500BB2F02 /* Todo ItUITests */ = {
			isa = PBXNativeTarget;
			buildConfigurationList = 1DBABFE3232F670500BB2F02 /* Build configuration list for PBXNativeTarget "Todo ItUITests" */;
			buildPhases = (
				1DBABFD0232F670500BB2F02 /* Sources */,
				1DBABFD1232F670500BB2F02 /* Frameworks */,
				1DBABFD2232F670500BB2F02 /* Resources */,
			);
			buildRules = (
			);
			dependencies = (
				1DBABFD6232F670500BB2F02 /* PBXTargetDependency */,
			);
			name = "Todo ItUITests";
			productName = "Todo ItUITests";
			productReference = 1DBABFD4232F670500BB2F02 /* Todo ItUITests.xctest */;
			productType = "com.apple.product-type.bundle.ui-testing";
		};
/* End PBXNativeTarget section */

/* Begin PBXProject section */
		1DBABFAD232F670000BB2F02 /* Project object */ = {
			isa = PBXProject;
			attributes = {
				LastSwiftUpdateCheck = 1030;
				LastUpgradeCheck = 1030;
				ORGANIZATIONNAME = "Alex Reckard";
				TargetAttributes = {
					1DBABFB4232F670000BB2F02 = {
						CreatedOnToolsVersion = 10.3;
					};
					1DBABFC8232F670500BB2F02 = {
						CreatedOnToolsVersion = 10.3;
						TestTargetID = 1DBABFB4232F670000BB2F02;
					};
					1DBABFD3232F670500BB2F02 = {
						CreatedOnToolsVersion = 10.3;
						TestTargetID = 1DBABFB4232F670000BB2F02;
					};
				};
			};
			buildConfigurationList = 1DBABFB0232F670000BB2F02 /* Build configuration list for PBXProject "Todo It" */;
			compatibilityVersion = "Xcode 10.0";
			developmentRegion = en;
			hasScannedForEncodings = 0;
			knownRegions = (
				en,
				Base,
			);
			mainGroup = 1DBABFAC232F670000BB2F02;
			productRefGroup = 1DBABFB6232F670000BB2F02 /* Products */;
			projectDirPath = "";
			projectRoot = "";
			targets = (
				1DBABFB4232F670000BB2F02 /* Todo It */,
				1DBABFC8232F670500BB2F02 /* Todo ItTests */,
				1DBABFD3232F670500BB2F02 /* Todo ItUITests */,
			);
		};
/* End PBXProject section */

/* Begin PBXResourcesBuildPhase section */
		1DBABFB3232F670000BB2F02 /* Resources */ = {
			isa = PBXResourcesBuildPhase;
			buildActionMask = 2147483647;
			files = (
				1DBABFC3232F670500BB2F02 /* LaunchScreen.storyboard in Resources */,
				1DBABFC0232F670500BB2F02 /* Assets.xcassets in Resources */,
				1DBABFBE232F670000BB2F02 /* Main.storyboard in Resources */,
			);
			runOnlyForDeploymentPostprocessing = 0;
		};
		1DBABFC7232F670500BB2F02 /* Resources */ = {
			isa = PBXResourcesBuildPhase;
			buildActionMask = 2147483647;
			files = (
			);
			runOnlyForDeploymentPostprocessing = 0;
		};
		1DBABFD2232F670500BB2F02 /* Resources */ = {
			isa = PBXResourcesBuildPhase;
			buildActionMask = 2147483647;
			files = (
			);
			runOnlyForDeploymentPostprocessing = 0;
		};
/* End PBXResourcesBuildPhase section */

/* Begin PBXShellScriptBuildPhase section */
		9848CC7D5E373D80A608D914 /* [CP] Check Pods Manifest.lock */ = {
			isa = PBXShellScriptBuildPhase;
			buildActionMask = 2147483647;
			files = (
			);
			inputFileListPaths = (
			);
			inputPaths = (
				"${PODS_PODFILE_DIR_PATH}/Podfile.lock",
				"${PODS_ROOT}/Manifest.lock",
			);
			name = "[CP] Check Pods Manifest.lock";
			outputFileListPaths = (
			);
			outputPaths = (
				"$(DERIVED_FILE_DIR)/Pods-Todo It-checkManifestLockResult.txt",
			);
			runOnlyForDeploymentPostprocessing = 0;
			shellPath = /bin/sh;
			shellScript = "diff \"${PODS_PODFILE_DIR_PATH}/Podfile.lock\" \"${PODS_ROOT}/Manifest.lock\" > /dev/null\nif [ $? != 0 ] ; then\n    # print error to STDERR\n    echo \"error: The sandbox is not in sync with the Podfile.lock. Run 'pod install' or update your CocoaPods installation.\" >&2\n    exit 1\nfi\n# This output is used by Xcode 'outputs' to avoid re-running this script phase.\necho \"SUCCESS\" > \"${SCRIPT_OUTPUT_FILE_0}\"\n";
			showEnvVarsInLog = 0;
		};
		9D1873A663E3AC8D83216556 /* [CP] Embed Pods Frameworks */ = {
			isa = PBXShellScriptBuildPhase;
			buildActionMask = 2147483647;
			files = (
			);
			inputFileListPaths = (
				"${PODS_ROOT}/Target Support Files/Pods-Todo It/Pods-Todo It-frameworks-${CONFIGURATION}-input-files.xcfilelist",
			);
			name = "[CP] Embed Pods Frameworks";
			outputFileListPaths = (
				"${PODS_ROOT}/Target Support Files/Pods-Todo It/Pods-Todo It-frameworks-${CONFIGURATION}-output-files.xcfilelist",
			);
			runOnlyForDeploymentPostprocessing = 0;
			shellPath = /bin/sh;
			shellScript = "\"${PODS_ROOT}/Target Support Files/Pods-Todo It/Pods-Todo It-frameworks.sh\"\n";
			showEnvVarsInLog = 0;
		};
/* End PBXShellScriptBuildPhase section */

/* Begin PBXSourcesBuildPhase section */
		1DBABFB1232F670000BB2F02 /* Sources */ = {
			isa = PBXSourcesBuildPhase;
			buildActionMask = 2147483647;
			files = (
				1D6FDF00233C283500B2992E /* CategoryViewController.swift in Sources */,
				1DBCE9AE233ABB5D0013B854 /* DataModel.xcdatamodeld in Sources */,
				1DBABFBB232F670000BB2F02 /* TodoListViewController.swift in Sources */,
				1DBABFB9232F670000BB2F02 /* AppDelegate.swift in Sources */,
			);
			runOnlyForDeploymentPostprocessing = 0;
		};
		1DBABFC5232F670500BB2F02 /* Sources */ = {
			isa = PBXSourcesBuildPhase;
			buildActionMask = 2147483647;
			files = (
				1DBABFCE232F670500BB2F02 /* Todo_ItTests.swift in Sources */,
			);
			runOnlyForDeploymentPostprocessing = 0;
		};
		1DBABFD0232F670500BB2F02 /* Sources */ = {
			isa = PBXSourcesBuildPhase;
			buildActionMask = 2147483647;
			files = (
				1DBABFD9232F670500BB2F02 /* Todo_ItUITests.swift in Sources */,
			);
			runOnlyForDeploymentPostprocessing = 0;
		};
/* End PBXSourcesBuildPhase section */

/* Begin PBXTargetDependency section */
		1DBABFCB232F670500BB2F02 /* PBXTargetDependency */ = {
			isa = PBXTargetDependency;
			target = 1DBABFB4232F670000BB2F02 /* Todo It */;
			targetProxy = 1DBABFCA232F670500BB2F02 /* PBXContainerItemProxy */;
		};
		1DBABFD6232F670500BB2F02 /* PBXTargetDependency */ = {
			isa = PBXTargetDependency;
			target = 1DBABFB4232F670000BB2F02 /* Todo It */;
			targetProxy = 1DBABFD5232F670500BB2F02 /* PBXContainerItemProxy */;
		};
/* End PBXTargetDependency section */

/* Begin PBXVariantGroup section */
		1DBABFBC232F670000BB2F02 /* Main.storyboard */ = {
			isa = PBXVariantGroup;
			children = (
				1DBABFBD232F670000BB2F02 /* Base */,
			);
			name = Main.storyboard;
			sourceTree = "<group>";
		};
		1DBABFC1232F670500BB2F02 /* LaunchScreen.storyboard */ = {
			isa = PBXVariantGroup;
			children = (
				1DBABFC2232F670500BB2F02 /* Base */,
			);
			name = LaunchScreen.storyboard;
			sourceTree = "<group>";
		};
/* End PBXVariantGroup section */

/* Begin XCBuildConfiguration section */
		1DBABFDB232F670500BB2F02 /* Debug */ = {
			isa = XCBuildConfiguration;
			buildSettings = {
				ALWAYS_SEARCH_USER_PATHS = NO;
				CLANG_ANALYZER_NONNULL = YES;
				CLANG_ANALYZER_NUMBER_OBJECT_CONVERSION = YES_AGGRESSIVE;
				CLANG_CXX_LANGUAGE_STANDARD = "gnu++14";
				CLANG_CXX_LIBRARY = "libc++";
				CLANG_ENABLE_MODULES = YES;
				CLANG_ENABLE_OBJC_ARC = YES;
				CLANG_ENABLE_OBJC_WEAK = YES;
				CLANG_WARN_BLOCK_CAPTURE_AUTORELEASING = YES;
				CLANG_WARN_BOOL_CONVERSION = YES;
				CLANG_WARN_COMMA = YES;
				CLANG_WARN_CONSTANT_CONVERSION = YES;
				CLANG_WARN_DEPRECATED_OBJC_IMPLEMENTATIONS = YES;
				CLANG_WARN_DIRECT_OBJC_ISA_USAGE = YES_ERROR;
				CLANG_WARN_DOCUMENTATION_COMMENTS = YES;
				CLANG_WARN_EMPTY_BODY = YES;
				CLANG_WARN_ENUM_CONVERSION = YES;
				CLANG_WARN_INFINITE_RECURSION = YES;
				CLANG_WARN_INT_CONVERSION = YES;
				CLANG_WARN_NON_LITERAL_NULL_CONVERSION = YES;
				CLANG_WARN_OBJC_IMPLICIT_RETAIN_SELF = YES;
				CLANG_WARN_OBJC_LITERAL_CONVERSION = YES;
				CLANG_WARN_OBJC_ROOT_CLASS = YES_ERROR;
				CLANG_WARN_RANGE_LOOP_ANALYSIS = YES;
				CLANG_WARN_STRICT_PROTOTYPES = YES;
				CLANG_WARN_SUSPICIOUS_MOVE = YES;
				CLANG_WARN_UNGUARDED_AVAILABILITY = YES_AGGRESSIVE;
				CLANG_WARN_UNREACHABLE_CODE = YES;
				CLANG_WARN__DUPLICATE_METHOD_MATCH = YES;
				CODE_SIGN_IDENTITY = "iPhone Developer";
				COPY_PHASE_STRIP = NO;
				DEBUG_INFORMATION_FORMAT = dwarf;
				ENABLE_STRICT_OBJC_MSGSEND = YES;
				ENABLE_TESTABILITY = YES;
				GCC_C_LANGUAGE_STANDARD = gnu11;
				GCC_DYNAMIC_NO_PIC = NO;
				GCC_NO_COMMON_BLOCKS = YES;
				GCC_OPTIMIZATION_LEVEL = 0;
				GCC_PREPROCESSOR_DEFINITIONS = (
					"DEBUG=1",
					"$(inherited)",
				);
				GCC_WARN_64_TO_32_BIT_CONVERSION = YES;
				GCC_WARN_ABOUT_RETURN_TYPE = YES_ERROR;
				GCC_WARN_UNDECLARED_SELECTOR = YES;
				GCC_WARN_UNINITIALIZED_AUTOS = YES_AGGRESSIVE;
				GCC_WARN_UNUSED_FUNCTION = YES;
				GCC_WARN_UNUSED_VARIABLE = YES;
				IPHONEOS_DEPLOYMENT_TARGET = 12.4;
				MTL_ENABLE_DEBUG_INFO = INCLUDE_SOURCE;
				MTL_FAST_MATH = YES;
				ONLY_ACTIVE_ARCH = YES;
				SDKROOT = iphoneos;
				SWIFT_ACTIVE_COMPILATION_CONDITIONS = DEBUG;
				SWIFT_OPTIMIZATION_LEVEL = "-Onone";
			};
			name = Debug;
		};
		1DBABFDC232F670500BB2F02 /* Release */ = {
			isa = XCBuildConfiguration;
			buildSettings = {
				ALWAYS_SEARCH_USER_PATHS = NO;
				CLANG_ANALYZER_NONNULL = YES;
				CLANG_ANALYZER_NUMBER_OBJECT_CONVERSION = YES_AGGRESSIVE;
				CLANG_CXX_LANGUAGE_STANDARD = "gnu++14";
				CLANG_CXX_LIBRARY = "libc++";
				CLANG_ENABLE_MODULES = YES;
				CLANG_ENABLE_OBJC_ARC = YES;
				CLANG_ENABLE_OBJC_WEAK = YES;
				CLANG_WARN_BLOCK_CAPTURE_AUTORELEASING = YES;
				CLANG_WARN_BOOL_CONVERSION = YES;
				CLANG_WARN_COMMA = YES;
				CLANG_WARN_CONSTANT_CONVERSION = YES;
				CLANG_WARN_DEPRECATED_OBJC_IMPLEMENTATIONS = YES;
				CLANG_WARN_DIRECT_OBJC_ISA_USAGE = YES_ERROR;
				CLANG_WARN_DOCUMENTATION_COMMENTS = YES;
				CLANG_WARN_EMPTY_BODY = YES;
				CLANG_WARN_ENUM_CONVERSION = YES;
				CLANG_WARN_INFINITE_RECURSION = YES;
				CLANG_WARN_INT_CONVERSION = YES;
				CLANG_WARN_NON_LITERAL_NULL_CONVERSION = YES;
				CLANG_WARN_OBJC_IMPLICIT_RETAIN_SELF = YES;
				CLANG_WARN_OBJC_LITERAL_CONVERSION = YES;
				CLANG_WARN_OBJC_ROOT_CLASS = YES_ERROR;
				CLANG_WARN_RANGE_LOOP_ANALYSIS = YES;
				CLANG_WARN_STRICT_PROTOTYPES = YES;
				CLANG_WARN_SUSPICIOUS_MOVE = YES;
				CLANG_WARN_UNGUARDED_AVAILABILITY = YES_AGGRESSIVE;
				CLANG_WARN_UNREACHABLE_CODE = YES;
				CLANG_WARN__DUPLICATE_METHOD_MATCH = YES;
				CODE_SIGN_IDENTITY = "iPhone Developer";
				COPY_PHASE_STRIP = NO;
				DEBUG_INFORMATION_FORMAT = "dwarf-with-dsym";
				ENABLE_NS_ASSERTIONS = NO;
				ENABLE_STRICT_OBJC_MSGSEND = YES;
				GCC_C_LANGUAGE_STANDARD = gnu11;
				GCC_NO_COMMON_BLOCKS = YES;
				GCC_WARN_64_TO_32_BIT_CONVERSION = YES;
				GCC_WARN_ABOUT_RETURN_TYPE = YES_ERROR;
				GCC_WARN_UNDECLARED_SELECTOR = YES;
				GCC_WARN_UNINITIALIZED_AUTOS = YES_AGGRESSIVE;
				GCC_WARN_UNUSED_FUNCTION = YES;
				GCC_WARN_UNUSED_VARIABLE = YES;
				IPHONEOS_DEPLOYMENT_TARGET = 12.4;
				MTL_ENABLE_DEBUG_INFO = NO;
				MTL_FAST_MATH = YES;
				SDKROOT = iphoneos;
				SWIFT_COMPILATION_MODE = wholemodule;
				SWIFT_OPTIMIZATION_LEVEL = "-O";
				VALIDATE_PRODUCT = YES;
			};
			name = Release;
		};
		1DBABFDE232F670500BB2F02 /* Debug */ = {
			isa = XCBuildConfiguration;
			baseConfigurationReference = 2C9CE392A672BBA9A5CD9B99 /* Pods-Todo It.debug.xcconfig */;
			buildSettings = {
				ASSETCATALOG_COMPILER_APPICON_NAME = AppIcon;
				CODE_SIGN_STYLE = Automatic;
				DEVELOPMENT_TEAM = XDTZ6K5Z5U;
				INFOPLIST_FILE = "Todo It/Info.plist";
				IPHONEOS_DEPLOYMENT_TARGET = 13.0;
				LD_RUNPATH_SEARCH_PATHS = (
					"$(inherited)",
					"@executable_path/Frameworks",
				);
				PRODUCT_BUNDLE_IDENTIFIER = "com.alexreckard.To-do-It";
				PRODUCT_NAME = "$(TARGET_NAME)";
				SWIFT_VERSION = 5.0;
				TARGETED_DEVICE_FAMILY = "1,2";
			};
			name = Debug;
		};
		1DBABFDF232F670500BB2F02 /* Release */ = {
			isa = XCBuildConfiguration;
			baseConfigurationReference = C8C7E6AD7BBB6AC7872CD656 /* Pods-Todo It.release.xcconfig */;
			buildSettings = {
				ASSETCATALOG_COMPILER_APPICON_NAME = AppIcon;
				CODE_SIGN_STYLE = Automatic;
				DEVELOPMENT_TEAM = XDTZ6K5Z5U;
				INFOPLIST_FILE = "Todo It/Info.plist";
				IPHONEOS_DEPLOYMENT_TARGET = 13.0;
				LD_RUNPATH_SEARCH_PATHS = (
					"$(inherited)",
					"@executable_path/Frameworks",
				);
				PRODUCT_BUNDLE_IDENTIFIER = "com.alexreckard.To-do-It";
				PRODUCT_NAME = "$(TARGET_NAME)";
				SWIFT_VERSION = 5.0;
				TARGETED_DEVICE_FAMILY = "1,2";
			};
			name = Release;
		};
		1DBABFE1232F670500BB2F02 /* Debug */ = {
			isa = XCBuildConfiguration;
			buildSettings = {
				ALWAYS_EMBED_SWIFT_STANDARD_LIBRARIES = YES;
				BUNDLE_LOADER = "$(TEST_HOST)";
				CODE_SIGN_STYLE = Automatic;
				DEVELOPMENT_TEAM = XDTZ6K5Z5U;
				INFOPLIST_FILE = "Todo ItTests/Info.plist";
				LD_RUNPATH_SEARCH_PATHS = (
					"$(inherited)",
					"@executable_path/Frameworks",
					"@loader_path/Frameworks",
				);
				PRODUCT_BUNDLE_IDENTIFIER = "com.alexreckard.Todo-ItTests";
				PRODUCT_NAME = "$(TARGET_NAME)";
				SWIFT_VERSION = 5.0;
				TARGETED_DEVICE_FAMILY = "1,2";
				TEST_HOST = "$(BUILT_PRODUCTS_DIR)/Todo It.app/Todo It";
			};
			name = Debug;
		};
		1DBABFE2232F670500BB2F02 /* Release */ = {
			isa = XCBuildConfiguration;
			buildSettings = {
				ALWAYS_EMBED_SWIFT_STANDARD_LIBRARIES = YES;
				BUNDLE_LOADER = "$(TEST_HOST)";
				CODE_SIGN_STYLE = Automatic;
				DEVELOPMENT_TEAM = XDTZ6K5Z5U;
				INFOPLIST_FILE = "Todo ItTests/Info.plist";
				LD_RUNPATH_SEARCH_PATHS = (
					"$(inherited)",
					"@executable_path/Frameworks",
					"@loader_path/Frameworks",
				);
				PRODUCT_BUNDLE_IDENTIFIER = "com.alexreckard.Todo-ItTests";
				PRODUCT_NAME = "$(TARGET_NAME)";
				SWIFT_VERSION = 5.0;
				TARGETED_DEVICE_FAMILY = "1,2";
				TEST_HOST = "$(BUILT_PRODUCTS_DIR)/Todo It.app/Todo It";
			};
			name = Release;
		};
		1DBABFE4232F670500BB2F02 /* Debug */ = {
			isa = XCBuildConfiguration;
			buildSettings = {
				ALWAYS_EMBED_SWIFT_STANDARD_LIBRARIES = YES;
				CODE_SIGN_STYLE = Automatic;
				DEVELOPMENT_TEAM = XDTZ6K5Z5U;
				INFOPLIST_FILE = "Todo ItUITests/Info.plist";
				LD_RUNPATH_SEARCH_PATHS = (
					"$(inherited)",
					"@executable_path/Frameworks",
					"@loader_path/Frameworks",
				);
				PRODUCT_BUNDLE_IDENTIFIER = "com.alexreckard.Todo-ItUITests";
				PRODUCT_NAME = "$(TARGET_NAME)";
				SWIFT_VERSION = 5.0;
				TARGETED_DEVICE_FAMILY = "1,2";
				TEST_TARGET_NAME = "Todo It";
			};
			name = Debug;
		};
		1DBABFE5232F670500BB2F02 /* Release */ = {
			isa = XCBuildConfiguration;
			buildSettings = {
				ALWAYS_EMBED_SWIFT_STANDARD_LIBRARIES = YES;
				CODE_SIGN_STYLE = Automatic;
				DEVELOPMENT_TEAM = XDTZ6K5Z5U;
				INFOPLIST_FILE = "Todo ItUITests/Info.plist";
				LD_RUNPATH_SEARCH_PATHS = (
					"$(inherited)",
					"@executable_path/Frameworks",
					"@loader_path/Frameworks",
				);
				PRODUCT_BUNDLE_IDENTIFIER = "com.alexreckard.Todo-ItUITests";
				PRODUCT_NAME = "$(TARGET_NAME)";
				SWIFT_VERSION = 5.0;
				TARGETED_DEVICE_FAMILY = "1,2";
				TEST_TARGET_NAME = "Todo It";
			};
			name = Release;
		};
/* End XCBuildConfiguration section */

/* Begin XCConfigurationList section */
		1DBABFB0232F670000BB2F02 /* Build configuration list for PBXProject "Todo It" */ = {
			isa = XCConfigurationList;
			buildConfigurations = (
				1DBABFDB232F670500BB2F02 /* Debug */,
				1DBABFDC232F670500BB2F02 /* Release */,
			);
			defaultConfigurationIsVisible = 0;
			defaultConfigurationName = Release;
		};
		1DBABFDD232F670500BB2F02 /* Build configuration list for PBXNativeTarget "Todo It" */ = {
			isa = XCConfigurationList;
			buildConfigurations = (
				1DBABFDE232F670500BB2F02 /* Debug */,
				1DBABFDF232F670500BB2F02 /* Release */,
			);
			defaultConfigurationIsVisible = 0;
			defaultConfigurationName = Release;
		};
		1DBABFE0232F670500BB2F02 /* Build configuration list for PBXNativeTarget "Todo ItTests" */ = {
			isa = XCConfigurationList;
			buildConfigurations = (
				1DBABFE1232F670500BB2F02 /* Debug */,
				1DBABFE2232F670500BB2F02 /* Release */,
			);
			defaultConfigurationIsVisible = 0;
			defaultConfigurationName = Release;
		};
		1DBABFE3232F670500BB2F02 /* Build configuration list for PBXNativeTarget "Todo ItUITests" */ = {
			isa = XCConfigurationList;
			buildConfigurations = (
				1DBABFE4232F670500BB2F02 /* Debug */,
				1DBABFE5232F670500BB2F02 /* Release */,
			);
			defaultConfigurationIsVisible = 0;
			defaultConfigurationName = Release;
		};
/* End XCConfigurationList section */

/* Begin XCVersionGroup section */
		1DBCE9AC233ABB5D0013B854 /* DataModel.xcdatamodeld */ = {
			isa = XCVersionGroup;
			children = (
				1DBCE9AD233ABB5D0013B854 /* DataModel.xcdatamodel */,
			);
			currentVersion = 1DBCE9AD233ABB5D0013B854 /* DataModel.xcdatamodel */;
			path = DataModel.xcdatamodeld;
			sourceTree = "<group>";
			versionGroupType = wrapper.xcdatamodel;
		};
/* End XCVersionGroup section */
	};
	rootObject = 1DBABFAD232F670000BB2F02 /* Project object */;
}
